
Microsoft Visual Studio Solution File, Format Version 12.00
# Visual Studio 2013
VisualStudioVersion = 12.0.21005.1
MinimumVisualStudioVersion = 10.0.40219.1
Project("{FAE04EC0-301F-11D3-BF4B-00C04F79EFBC}") = "LoopImage", "LoopImage\LoopImage.csproj", "{C1C18502-E4D9-4FE9-9026-5B3F8BB739DB}"
EndProject
Global
	GlobalSection(TeamFoundationVersionControl) = preSolution
		SccNumberOfProjects = 2
		SccEnterpriseProvider = {4CA58AB2-18FA-4F8D-95D4-32DDF27D184C}
		SccTeamFoundationServer = https://jaygu.visualstudio.com/defaultcollection
		SccLocalPath0 = .
		SccProjectUniqueName1 = LoopImage\\LoopImage.csproj
		SccProjectName1 = LoopImage
		SccLocalPath1 = LoopImage
	EndGlobalSection
	GlobalSection(SolutionConfigurationPlatforms) = preSolution
		Debug|Any CPU = Debug|Any CPU
		Release|Any CPU = Release|Any CPU
	EndGlobalSection
	GlobalSection(ProjectConfigurationPlatforms) = postSolution
		{C1C18502-E4D9-4FE9-9026-5B3F8BB739DB}.Debug|Any CPU.ActiveCfg = Debug|Any CPU
		{C1C18502-E4D9-4FE9-9026-5B3F8BB739DB}.Debug|Any CPU.Build.0 = Debug|Any CPU
		{C1C18502-E4D9-4FE9-9026-5B3F8BB739DB}.Release|Any CPU.ActiveCfg = Release|Any CPU
		{C1C18502-E4D9-4FE9-9026-5B3F8BB739DB}.Release|Any CPU.Build.0 = Release|Any CPU
	EndGlobalSection
	GlobalSection(SolutionProperties) = preSolution
		HideSolutionNode = FALSE
	EndGlobalSection
EndGlobal
